{
  "lockfileVersion": 1,
  "workspaces": {
    "": {
      "name": "test-litellm",
      "dependencies": {
        "openai": "^6.1.0",
      },
    },
  },
  "packages": {
    "openai": ["openai@6.34.0", "", { "peerDependencies": { "ws": "^8.18.0", "zod": "^3.25 || ^4.0" }, "optionalPeers": ["ws", "zod"], "bin": { "openai": "bin/cli" } }, "sha512-yEr2jdGf4tVFYG6ohmr3pF6VJuveP0EA/sS8TBx+4Eq5NT10alu5zg2dmxMXMgqpihRDQlFGpRt2XwsGj+Fyxw=="],
  }
}
